
Microsoft Visual Studio Solution File, Format Version 12.00
# Visual Studio Version 17
VisualStudioVersion = 17.8.34330.188
MinimumVisualStudioVersion = 10.0.40219.1
Project("{FAE04EC0-301F-11D3-BF4B-00C04F79EFBC}") = "BasicWebServer.Server", "BasicWebServer.Server\BasicWebServer.Server.csproj", "{272CCDFF-2250-4534-94BE-33B6C2D145ED}"
EndProject
Project("{FAE04EC0-301F-11D3-BF4B-00C04F79EFBC}") = "BasicWebServer.Demo", "BasicWebServer.Demo\BasicWebServer.Demo.csproj", "{5587EAB9-5E74-464C-B51A-F8363896A09C}"
EndProject
Global
	GlobalSection(SolutionConfigurationPlatforms) = preSolution
		Debug|Any CPU = Debug|Any CPU
		Release|Any CPU = Release|Any CPU
	EndGlobalSection
	GlobalSection(ProjectConfigurationPlatforms) = postSolution
		{272CCDFF-2250-4534-94BE-33B6C2D145ED}.Debug|Any CPU.ActiveCfg = Debug|Any CPU
		{272CCDFF-2250-4534-94BE-33B6C2D145ED}.Debug|Any CPU.Build.0 = Debug|Any CPU
		{272CCDFF-2250-4534-94BE-33B6C2D145ED}.Release|Any CPU.ActiveCfg = Release|Any CPU
		{272CCDFF-2250-4534-94BE-33B6C2D145ED}.Release|Any CPU.Build.0 = Release|Any CPU
		{5587EAB9-5E74-464C-B51A-F8363896A09C}.Debug|Any CPU.ActiveCfg = Debug|Any CPU
		{5587EAB9-5E74-464C-B51A-F8363896A09C}.Debug|Any CPU.Build.0 = Debug|Any CPU
		{5587EAB9-5E74-464C-B51A-F8363896A09C}.Release|Any CPU.ActiveCfg = Release|Any CPU
		{5587EAB9-5E74-464C-B51A-F8363896A09C}.Release|Any CPU.Build.0 = Release|Any CPU
	EndGlobalSection
	GlobalSection(SolutionProperties) = preSolution
		HideSolutionNode = FALSE
	EndGlobalSection
	GlobalSection(ExtensibilityGlobals) = postSolution
		SolutionGuid = {5A8BE049-D8EE-45C0-9CB5-9DE9ABD9E69D}
	EndGlobalSection
EndGlobal
